
Microsoft Visual Studio Solution File, Format Version 12.00
# Visual Studio Version 16
VisualStudioVersion = 16.0.30114.105
MinimumVisualStudioVersion = 10.0.40219.1
Project("{9A19103F-16F7-4668-BE54-9A1E7A4F7556}") = "BlazorAppWebAssembly", "BlazorAppWebAssembly\BlazorAppWebAssembly.csproj", "{BB42C610-9EF8-4834-BA1A-608D1564A50A}"
EndProject
Project("{9A19103F-16F7-4668-BE54-9A1E7A4F7556}") = "BlazorAppWebAssemblyPWA", "BlazorAppWebAssemblyPWA\BlazorAppWebAssemblyPWA.csproj", "{106D1D98-D581-4F2D-8637-83D88E883008}"
EndProject
Global
	GlobalSection(SolutionConfigurationPlatforms) = preSolution
		Debug|Any CPU = Debug|Any CPU
		Release|Any CPU = Release|Any CPU
	EndGlobalSection
	GlobalSection(ProjectConfigurationPlatforms) = postSolution
		{BB42C610-9EF8-4834-BA1A-608D1564A50A}.Debug|Any CPU.ActiveCfg = Debug|Any CPU
		{BB42C610-9EF8-4834-BA1A-608D1564A50A}.Debug|Any CPU.Build.0 = Debug|Any CPU
		{BB42C610-9EF8-4834-BA1A-608D1564A50A}.Release|Any CPU.ActiveCfg = Release|Any CPU
		{BB42C610-9EF8-4834-BA1A-608D1564A50A}.Release|Any CPU.Build.0 = Release|Any CPU
		{106D1D98-D581-4F2D-8637-83D88E883008}.Debug|Any CPU.ActiveCfg = Debug|Any CPU
		{106D1D98-D581-4F2D-8637-83D88E883008}.Debug|Any CPU.Build.0 = Debug|Any CPU
		{106D1D98-D581-4F2D-8637-83D88E883008}.Release|Any CPU.ActiveCfg = Release|Any CPU
		{106D1D98-D581-4F2D-8637-83D88E883008}.Release|Any CPU.Build.0 = Release|Any CPU
	EndGlobalSection
	GlobalSection(SolutionProperties) = preSolution
		HideSolutionNode = FALSE
	EndGlobalSection
	GlobalSection(ExtensibilityGlobals) = postSolution
		SolutionGuid = {37DAF4E9-EE68-42EE-872E-08DB7B51A510}
	EndGlobalSection
EndGlobal
